// !$*UTF8*$!
{
	archiveVersion = 1;
	classes = {
	};
	objectVersion = 48;
	objects = {

/* Begin PBXBuildFile section */
		6876139A579BF38C8F73277E /* Pods_Golf.framework in Frameworks */ = {isa = PBXBuildFile; fileRef = BD995BA08F58A4FFD8D88EB6 /* Pods_Golf.framework */; };
		9D0333E11FD0154A00F87B0D /* NewsDetailViewController.swift in Sources */ = {isa = PBXBuildFile; fileRef = 9D0333E01FD0154A00F87B0D /* NewsDetailViewController.swift */; };
		9D04EAEA1FC7FB3E00028EF7 /* RegisterViewController.swift in Sources */ = {isa = PBXBuildFile; fileRef = 9D04EAE91FC7FB3E00028EF7 /* RegisterViewController.swift */; };
		9D04EAEE1FC810EF00028EF7 /* BaseModel.swift in Sources */ = {isa = PBXBuildFile; fileRef = 9D04EAED1FC810EE00028EF7 /* BaseModel.swift */; };
		9D04EAF41FC81F4000028EF7 /* MemberModel.swift in Sources */ = {isa = PBXBuildFile; fileRef = 9D04EAF31FC81F4000028EF7 /* MemberModel.swift */; };
		9D04EAFA1FC8222A00028EF7 /* HoleModel.swift in Sources */ = {isa = PBXBuildFile; fileRef = 9D04EAF91FC8222A00028EF7 /* HoleModel.swift */; };
		9D04EAFC1FC822AB00028EF7 /* Company.swift in Sources */ = {isa = PBXBuildFile; fileRef = 9D04EAFB1FC822AB00028EF7 /* Company.swift */; };
		9D0507ED1FE102CA007EA9A9 /* Enum.swift in Sources */ = {isa = PBXBuildFile; fileRef = 9D0507EC1FE102CA007EA9A9 /* Enum.swift */; };
		9D054A371FF64CE500DCC0EC /* Contants.swift in Sources */ = {isa = PBXBuildFile; fileRef = 9D054A361FF64CE500DCC0EC /* Contants.swift */; };
		9D05EB791FC823E5008943BF /* SponsorModel.swift in Sources */ = {isa = PBXBuildFile; fileRef = 9D05EB781FC823E5008943BF /* SponsorModel.swift */; };
		9D05EB7B1FC825EA008943BF /* News.swift in Sources */ = {isa = PBXBuildFile; fileRef = 9D05EB7A1FC825EA008943BF /* News.swift */; };
		9D069D831FD9201E005275BC /* ActivityModel.swift in Sources */ = {isa = PBXBuildFile; fileRef = 9D069D821FD9201E005275BC /* ActivityModel.swift */; };
		9D069D851FD933BC005275BC /* AttendModel.swift in Sources */ = {isa = PBXBuildFile; fileRef = 9D069D841FD933BC005275BC /* AttendModel.swift */; };
		9D08DAAC1FD4DF2D00F08289 /* BaseAPI.swift in Sources */ = {isa = PBXBuildFile; fileRef = 9D08DAAB1FD4DF2D00F08289 /* BaseAPI.swift */; };
		9D08DAAE1FD4E25100F08289 /* Member+API.swift in Sources */ = {isa = PBXBuildFile; fileRef = 9D08DAAD1FD4E25100F08289 /* Member+API.swift */; };
		9D08DAB01FD4FCF300F08289 /* Company+API.swift in Sources */ = {isa = PBXBuildFile; fileRef = 9D08DAAF1FD4FCF300F08289 /* Company+API.swift */; };
		9D0A2ADD1FD52C4D007A4EAF /* Storage.swift in Sources */ = {isa = PBXBuildFile; fileRef = 9D0A2ADC1FD52C4D007A4EAF /* Storage.swift */; };
		9D0A2B291FD55008007A4EAF /* Golf.xcdatamodeld in Sources */ = {isa = PBXBuildFile; fileRef = 9D0A2B271FD55008007A4EAF /* Golf.xcdatamodeld */; };
		9D0A2B2B1FD556E2007A4EAF /* CoreData.framework in Frameworks */ = {isa = PBXBuildFile; fileRef = 9D0A2B2A1FD556D5007A4EAF /* CoreData.framework */; };
		9D0CA5441FCD0B7B00AB4D97 /* ResultScanViewController.swift in Sources */ = {isa = PBXBuildFile; fileRef = 9D0CA5431FCD0B7B00AB4D97 /* ResultScanViewController.swift */; };
		9D0D77DC1FDE46B800286E24 /* ChangePassViewController.swift in Sources */ = {isa = PBXBuildFile; fileRef = 9D0D77DB1FDE46B800286E24 /* ChangePassViewController.swift */; };
		9D0F1F9F1FD1484D0094EB26 /* Cache.swift in Sources */ = {isa = PBXBuildFile; fileRef = 9D0F1F9E1FD1484D0094EB26 /* Cache.swift */; };
		9D0F1FA11FD163040094EB26 /* AttendSuccessViewController.swift in Sources */ = {isa = PBXBuildFile; fileRef = 9D0F1FA01FD163040094EB26 /* AttendSuccessViewController.swift */; };
		9D0F53A21FD6824C0025EA3B /* Hole+API.swift in Sources */ = {isa = PBXBuildFile; fileRef = 9D0F53A11FD6824C0025EA3B /* Hole+API.swift */; };
		9D0F53A41FD68D5B0025EA3B /* Product+API.swift in Sources */ = {isa = PBXBuildFile; fileRef = 9D0F53A31FD68D5B0025EA3B /* Product+API.swift */; };
		9D0F53A61FD68F600025EA3B /* News+API.swift in Sources */ = {isa = PBXBuildFile; fileRef = 9D0F53A51FD68F600025EA3B /* News+API.swift */; };
		9D0F53A81FD690B50025EA3B /* Donor+API.swift in Sources */ = {isa = PBXBuildFile; fileRef = 9D0F53A71FD690B50025EA3B /* Donor+API.swift */; };
		9D0F53AA1FD692D40025EA3B /* Event+API.swift in Sources */ = {isa = PBXBuildFile; fileRef = 9D0F53A91FD692D40025EA3B /* Event+API.swift */; };
		9D4BFF851FCC26F1001ACFD1 /* 華康方圓體W7.ttc in Resources */ = {isa = PBXBuildFile; fileRef = 9D4BFF841FCC26EF001ACFD1 /* 華康方圓體W7.ttc */; };
		9D56169E1FD0FC5D00D72CD0 /* EventActivityViewController.swift in Sources */ = {isa = PBXBuildFile; fileRef = 9D56169D1FD0FC5D00D72CD0 /* EventActivityViewController.swift */; };
		9D5616A01FD10AB000D72CD0 /* EventAvtivityModel.swift in Sources */ = {isa = PBXBuildFile; fileRef = 9D56169F1FD10AB000D72CD0 /* EventAvtivityModel.swift */; };
		9D8269FC1FE0BFD20010591F /* BaseDailog.swift in Sources */ = {isa = PBXBuildFile; fileRef = 9D8269FB1FE0BFD20010591F /* BaseDailog.swift */; };
		9D8269FE1FE0C0070010591F /* ChooseBirthDayView.swift in Sources */ = {isa = PBXBuildFile; fileRef = 9D8269FD1FE0C0070010591F /* ChooseBirthDayView.swift */; };
		9D8943F81FD8DAF80019C562 /* NewsViewCell.swift in Sources */ = {isa = PBXBuildFile; fileRef = 9D8943F71FD8DAF80019C562 /* NewsViewCell.swift */; };
		9D8E1B691FC4040900FCFD71 /* ContactUsViewController.swift in Sources */ = {isa = PBXBuildFile; fileRef = 9D8E1B681FC4040900FCFD71 /* ContactUsViewController.swift */; };
		9D986A081FC7ACC40027D894 /* ListDiscountViewController.swift in Sources */ = {isa = PBXBuildFile; fileRef = 9D986A071FC7ACC40027D894 /* ListDiscountViewController.swift */; };
		9D986A0C1FC7C6C50027D894 /* SinginViewController.swift in Sources */ = {isa = PBXBuildFile; fileRef = 9D986A0B1FC7C6C50027D894 /* SinginViewController.swift */; };
		9D986A0E1FC7C8FA0027D894 /* ProductDiscountModel.swift in Sources */ = {isa = PBXBuildFile; fileRef = 9D986A0D1FC7C8FA0027D894 /* ProductDiscountModel.swift */; };
		9D986A101FC7C9740027D894 /* ProductJackpotModel.swift in Sources */ = {isa = PBXBuildFile; fileRef = 9D986A0F1FC7C9740027D894 /* ProductJackpotModel.swift */; };
		9D986A121FC7DBE50027D894 /* ForgotPassViewController.swift in Sources */ = {isa = PBXBuildFile; fileRef = 9D986A111FC7DBE50027D894 /* ForgotPassViewController.swift */; };
		9D9EB0D41FE1076C001EAD5D /* ChooseBirthDayView.xib in Resources */ = {isa = PBXBuildFile; fileRef = 9D9EB0D31FE1076C001EAD5D /* ChooseBirthDayView.xib */; };
		9DA594541FCBB44C00C31CBC /* QRScanViewController.swift in Sources */ = {isa = PBXBuildFile; fileRef = 9DA594531FCBB44C00C31CBC /* QRScanViewController.swift */; };
		9DA594561FCBB46A00C31CBC /* QRManager.swift in Sources */ = {isa = PBXBuildFile; fileRef = 9DA594551FCBB46A00C31CBC /* QRManager.swift */; };
		9DDD1BB11FD8F7FC00EE15DF /* SimHei.ttf in Resources */ = {isa = PBXBuildFile; fileRef = 9DDD1BB01FD8F7FB00EE15DF /* SimHei.ttf */; };
		9DF18EE01FC3E84100B71DE7 /* SponsorViewController.swift in Sources */ = {isa = PBXBuildFile; fileRef = 9DF18EDF1FC3E84100B71DE7 /* SponsorViewController.swift */; };
		9DF257831FC4261800ED0404 /* EventViewController.swift in Sources */ = {isa = PBXBuildFile; fileRef = 9DF257821FC4261800ED0404 /* EventViewController.swift */; };
		9DF351301FC6BD9000696057 /* AttendanceViewController.swift in Sources */ = {isa = PBXBuildFile; fileRef = 9DF3512F1FC6BD9000696057 /* AttendanceViewController.swift */; };
		9DF351321FC6C43900696057 /* SubmitAttendanceViewController.swift in Sources */ = {isa = PBXBuildFile; fileRef = 9DF351311FC6C43900696057 /* SubmitAttendanceViewController.swift */; };
		9DF351341FC6CDB300696057 /* Second.storyboard in Resources */ = {isa = PBXBuildFile; fileRef = 9DF351331FC6CDB300696057 /* Second.storyboard */; };
		9DF351361FC6CDDB00696057 /* JackpotViewController.swift in Sources */ = {isa = PBXBuildFile; fileRef = 9DF351351FC6CDDB00696057 /* JackpotViewController.swift */; };
		9DF351381FC6D15B00696057 /* DiscountViewController.swift in Sources */ = {isa = PBXBuildFile; fileRef = 9DF351371FC6D15B00696057 /* DiscountViewController.swift */; };
		9DF3513A1FC6D4CF00696057 /* ListJackpotViewController.swift in Sources */ = {isa = PBXBuildFile; fileRef = 9DF351391FC6D4CF00696057 /* ListJackpotViewController.swift */; };
		9DF44A751FC2B4400063D804 /* AppDelegate.swift in Sources */ = {isa = PBXBuildFile; fileRef = 9DF44A741FC2B4400063D804 /* AppDelegate.swift */; };
		9DF44A771FC2B4400063D804 /* MainViewController.swift in Sources */ = {isa = PBXBuildFile; fileRef = 9DF44A761FC2B4400063D804 /* MainViewController.swift */; };
		9DF44A7A1FC2B4400063D804 /* Main.storyboard in Resources */ = {isa = PBXBuildFile; fileRef = 9DF44A781FC2B4400063D804 /* Main.storyboard */; };
		9DF44A7C1FC2B4400063D804 /* Assets.xcassets in Resources */ = {isa = PBXBuildFile; fileRef = 9DF44A7B1FC2B4400063D804 /* Assets.xcassets */; };
		9DF44A7F1FC2B4400063D804 /* LaunchScreen.storyboard in Resources */ = {isa = PBXBuildFile; fileRef = 9DF44A7D1FC2B4400063D804 /* LaunchScreen.storyboard */; };
		9DF44A881FC2BBD20063D804 /* BaseViewController.swift in Sources */ = {isa = PBXBuildFile; fileRef = 9DF44A871FC2BBD20063D804 /* BaseViewController.swift */; };
		9DF5463A1FC65C8400850EDC /* ListInfotmatchViewController.swift in Sources */ = {isa = PBXBuildFile; fileRef = 9DF546391FC65C8400850EDC /* ListInfotmatchViewController.swift */; };
		9DF70F131FC55EA800774BA6 /* HoleListViewController.swift in Sources */ = {isa = PBXBuildFile; fileRef = 9DF70F121FC55EA800774BA6 /* HoleListViewController.swift */; };
		9DF70F171FC55FB400774BA6 /* HoleViewCell.swift in Sources */ = {isa = PBXBuildFile; fileRef = 9DF70F151FC55FB400774BA6 /* HoleViewCell.swift */; };
		9DF70F181FC55FB400774BA6 /* HoleViewCell.xib in Resources */ = {isa = PBXBuildFile; fileRef = 9DF70F161FC55FB400774BA6 /* HoleViewCell.xib */; };
		9DF70F1A1FC5623D00774BA6 /* Define.swift in Sources */ = {isa = PBXBuildFile; fileRef = 9DF70F191FC5623D00774BA6 /* Define.swift */; };
		9DF70F1C1FC56D1000774BA6 /* DetailHoleViewController.swift in Sources */ = {isa = PBXBuildFile; fileRef = 9DF70F1B1FC56D1000774BA6 /* DetailHoleViewController.swift */; };
		9DF881EF1FC3CAE100FADA1B /* AboutUsViewController.swift in Sources */ = {isa = PBXBuildFile; fileRef = 9DF881EE1FC3CAE100FADA1B /* AboutUsViewController.swift */; };
		9DF881F21FC3CFA400FADA1B /* StoryBoardHelper.swift in Sources */ = {isa = PBXBuildFile; fileRef = 9DF881F11FC3CFA400FADA1B /* StoryBoardHelper.swift */; };
		9DF881F41FC3D43300FADA1B /* AboutTourViewController.swift in Sources */ = {isa = PBXBuildFile; fileRef = 9DF881F31FC3D43300FADA1B /* AboutTourViewController.swift */; };
		9DFC799D1FD256EB002CA3F5 /* InfomationMemberController.swift in Sources */ = {isa = PBXBuildFile; fileRef = 9DFC799C1FD256EB002CA3F5 /* InfomationMemberController.swift */; };
/* End PBXBuildFile section */

/* Begin PBXFileReference section */
		464E30B328C8B59C9C3E97DA /* Pods-Golf.release.xcconfig */ = {isa = PBXFileReference; includeInIndex = 1; lastKnownFileType = text.xcconfig; name = "Pods-Golf.release.xcconfig"; path = "Pods/Target Support Files/Pods-Golf/Pods-Golf.release.xcconfig"; sourceTree = "<group>"; };
		9D0333E01FD0154A00F87B0D /* NewsDetailViewController.swift */ = {isa = PBXFileReference; lastKnownFileType = sourcecode.swift; path = NewsDetailViewController.swift; sourceTree = "<group>"; };
		9D04EAE91FC7FB3E00028EF7 /* RegisterViewController.swift */ = {isa = PBXFileReference; lastKnownFileType = sourcecode.swift; path = RegisterViewController.swift; sourceTree = "<group>"; };
		9D04EAED1FC810EE00028EF7 /* BaseModel.swift */ = {isa = PBXFileReference; lastKnownFileType = sourcecode.swift; path = BaseModel.swift; sourceTree = "<group>"; };
		9D04EAF31FC81F4000028EF7 /* MemberModel.swift */ = {isa = PBXFileReference; lastKnownFileType = sourcecode.swift; path = MemberModel.swift; sourceTree = "<group>"; };
		9D04EAF91FC8222A00028EF7 /* HoleModel.swift */ = {isa = PBXFileReference; lastKnownFileType = sourcecode.swift; path = HoleModel.swift; sourceTree = "<group>"; };
		9D04EAFB1FC822AB00028EF7 /* Company.swift */ = {isa = PBXFileReference; lastKnownFileType = sourcecode.swift; path = Company.swift; sourceTree = "<group>"; };
		9D0507EC1FE102CA007EA9A9 /* Enum.swift */ = {isa = PBXFileReference; fileEncoding = 4; lastKnownFileType = sourcecode.swift; path = Enum.swift; sourceTree = "<group>"; };
		9D054A361FF64CE500DCC0EC /* Contants.swift */ = {isa = PBXFileReference; lastKnownFileType = sourcecode.swift; path = Contants.swift; sourceTree = "<group>"; };
		9D05EB781FC823E5008943BF /* SponsorModel.swift */ = {isa = PBXFileReference; lastKnownFileType = sourcecode.swift; path = SponsorModel.swift; sourceTree = "<group>"; };
		9D05EB7A1FC825EA008943BF /* News.swift */ = {isa = PBXFileReference; lastKnownFileType = sourcecode.swift; path = News.swift; sourceTree = "<group>"; };
		9D069D821FD9201E005275BC /* ActivityModel.swift */ = {isa = PBXFileReference; lastKnownFileType = sourcecode.swift; path = ActivityModel.swift; sourceTree = "<group>"; };
		9D069D841FD933BC005275BC /* AttendModel.swift */ = {isa = PBXFileReference; lastKnownFileType = sourcecode.swift; path = AttendModel.swift; sourceTree = "<group>"; };
		9D08DAAB1FD4DF2D00F08289 /* BaseAPI.swift */ = {isa = PBXFileReference; lastKnownFileType = sourcecode.swift; path = BaseAPI.swift; sourceTree = "<group>"; };
		9D08DAAD1FD4E25100F08289 /* Member+API.swift */ = {isa = PBXFileReference; lastKnownFileType = sourcecode.swift; path = "Member+API.swift"; sourceTree = "<group>"; };
		9D08DAAF1FD4FCF300F08289 /* Company+API.swift */ = {isa = PBXFileReference; lastKnownFileType = sourcecode.swift; path = "Company+API.swift"; sourceTree = "<group>"; };
		9D0A2ADC1FD52C4D007A4EAF /* Storage.swift */ = {isa = PBXFileReference; lastKnownFileType = sourcecode.swift; path = Storage.swift; sourceTree = "<group>"; };
		9D0A2B281FD55008007A4EAF /* Golf.xcdatamodel */ = {isa = PBXFileReference; lastKnownFileType = wrapper.xcdatamodel; path = Golf.xcdatamodel; sourceTree = "<group>"; };
		9D0A2B2A1FD556D5007A4EAF /* CoreData.framework */ = {isa = PBXFileReference; lastKnownFileType = wrapper.framework; name = CoreData.framework; path = System/Library/Frameworks/CoreData.framework; sourceTree = SDKROOT; };
		9D0CA5431FCD0B7B00AB4D97 /* ResultScanViewController.swift */ = {isa = PBXFileReference; lastKnownFileType = sourcecode.swift; path = ResultScanViewController.swift; sourceTree = "<group>"; };
		9D0D77DB1FDE46B800286E24 /* ChangePassViewController.swift */ = {isa = PBXFileReference; lastKnownFileType = sourcecode.swift; path = ChangePassViewController.swift; sourceTree = "<group>"; };
		9D0F1F9E1FD1484D0094EB26 /* Cache.swift */ = {isa = PBXFileReference; lastKnownFileType = sourcecode.swift; path = Cache.swift; sourceTree = "<group>"; };
		9D0F1FA01FD163040094EB26 /* AttendSuccessViewController.swift */ = {isa = PBXFileReference; lastKnownFileType = sourcecode.swift; path = AttendSuccessViewController.swift; sourceTree = "<group>"; };
		9D0F53A11FD6824C0025EA3B /* Hole+API.swift */ = {isa = PBXFileReference; lastKnownFileType = sourcecode.swift; path = "Hole+API.swift"; sourceTree = "<group>"; };
		9D0F53A31FD68D5B0025EA3B /* Product+API.swift */ = {isa = PBXFileReference; lastKnownFileType = sourcecode.swift; path = "Product+API.swift"; sourceTree = "<group>"; };
		9D0F53A51FD68F600025EA3B /* News+API.swift */ = {isa = PBXFileReference; lastKnownFileType = sourcecode.swift; path = "News+API.swift"; sourceTree = "<group>"; };
		9D0F53A71FD690B50025EA3B /* Donor+API.swift */ = {isa = PBXFileReference; lastKnownFileType = sourcecode.swift; path = "Donor+API.swift"; sourceTree = "<group>"; };
		9D0F53A91FD692D40025EA3B /* Event+API.swift */ = {isa = PBXFileReference; lastKnownFileType = sourcecode.swift; path = "Event+API.swift"; sourceTree = "<group>"; };
		9D4BFF841FCC26EF001ACFD1 /* 華康方圓體W7.ttc */ = {isa = PBXFileReference; lastKnownFileType = file; path = "華康方圓體W7.ttc"; sourceTree = "<group>"; };
		9D56169D1FD0FC5D00D72CD0 /* EventActivityViewController.swift */ = {isa = PBXFileReference; lastKnownFileType = sourcecode.swift; path = EventActivityViewController.swift; sourceTree = "<group>"; };
		9D56169F1FD10AB000D72CD0 /* EventAvtivityModel.swift */ = {isa = PBXFileReference; lastKnownFileType = sourcecode.swift; path = EventAvtivityModel.swift; sourceTree = "<group>"; };
		9D8269FB1FE0BFD20010591F /* BaseDailog.swift */ = {isa = PBXFileReference; fileEncoding = 4; lastKnownFileType = sourcecode.swift; path = BaseDailog.swift; sourceTree = "<group>"; };
		9D8269FD1FE0C0070010591F /* ChooseBirthDayView.swift */ = {isa = PBXFileReference; lastKnownFileType = sourcecode.swift; path = ChooseBirthDayView.swift; sourceTree = "<group>"; };
		9D8943F71FD8DAF80019C562 /* NewsViewCell.swift */ = {isa = PBXFileReference; lastKnownFileType = sourcecode.swift; path = NewsViewCell.swift; sourceTree = "<group>"; };
		9D8E1B681FC4040900FCFD71 /* ContactUsViewController.swift */ = {isa = PBXFileReference; lastKnownFileType = sourcecode.swift; path = ContactUsViewController.swift; sourceTree = "<group>"; };
		9D986A071FC7ACC40027D894 /* ListDiscountViewController.swift */ = {isa = PBXFileReference; lastKnownFileType = sourcecode.swift; path = ListDiscountViewController.swift; sourceTree = "<group>"; };
		9D986A0B1FC7C6C50027D894 /* SinginViewController.swift */ = {isa = PBXFileReference; lastKnownFileType = sourcecode.swift; path = SinginViewController.swift; sourceTree = "<group>"; };
		9D986A0D1FC7C8FA0027D894 /* ProductDiscountModel.swift */ = {isa = PBXFileReference; lastKnownFileType = sourcecode.swift; path = ProductDiscountModel.swift; sourceTree = "<group>"; };
		9D986A0F1FC7C9740027D894 /* ProductJackpotModel.swift */ = {isa = PBXFileReference; lastKnownFileType = sourcecode.swift; path = ProductJackpotModel.swift; sourceTree = "<group>"; };
		9D986A111FC7DBE50027D894 /* ForgotPassViewController.swift */ = {isa = PBXFileReference; lastKnownFileType = sourcecode.swift; path = ForgotPassViewController.swift; sourceTree = "<group>"; };
		9D9EB0D31FE1076C001EAD5D /* ChooseBirthDayView.xib */ = {isa = PBXFileReference; lastKnownFileType = file.xib; path = ChooseBirthDayView.xib; sourceTree = "<group>"; };
		9DA594531FCBB44C00C31CBC /* QRScanViewController.swift */ = {isa = PBXFileReference; lastKnownFileType = sourcecode.swift; path = QRScanViewController.swift; sourceTree = "<group>"; };
		9DA594551FCBB46A00C31CBC /* QRManager.swift */ = {isa = PBXFileReference; lastKnownFileType = sourcecode.swift; path = QRManager.swift; sourceTree = "<group>"; };
		9DDD1BB01FD8F7FB00EE15DF /* SimHei.ttf */ = {isa = PBXFileReference; lastKnownFileType = file; path = SimHei.ttf; sourceTree = "<group>"; };
		9DF18EDF1FC3E84100B71DE7 /* SponsorViewController.swift */ = {isa = PBXFileReference; lastKnownFileType = sourcecode.swift; path = SponsorViewController.swift; sourceTree = "<group>"; };
		9DF257821FC4261800ED0404 /* EventViewController.swift */ = {isa = PBXFileReference; lastKnownFileType = sourcecode.swift; path = EventViewController.swift; sourceTree = "<group>"; };
		9DF3512F1FC6BD9000696057 /* AttendanceViewController.swift */ = {isa = PBXFileReference; lastKnownFileType = sourcecode.swift; path = AttendanceViewController.swift; sourceTree = "<group>"; };
		9DF351311FC6C43900696057 /* SubmitAttendanceViewController.swift */ = {isa = PBXFileReference; lastKnownFileType = sourcecode.swift; path = SubmitAttendanceViewController.swift; sourceTree = "<group>"; };
		9DF351331FC6CDB300696057 /* Second.storyboard */ = {isa = PBXFileReference; lastKnownFileType = file.storyboard; path = Second.storyboard; sourceTree = "<group>"; };
		9DF351351FC6CDDB00696057 /* JackpotViewController.swift */ = {isa = PBXFileReference; lastKnownFileType = sourcecode.swift; path = JackpotViewController.swift; sourceTree = "<group>"; };
		9DF351371FC6D15B00696057 /* DiscountViewController.swift */ = {isa = PBXFileReference; lastKnownFileType = sourcecode.swift; path = DiscountViewController.swift; sourceTree = "<group>"; };
		9DF351391FC6D4CF00696057 /* ListJackpotViewController.swift */ = {isa = PBXFileReference; lastKnownFileType = sourcecode.swift; path = ListJackpotViewController.swift; sourceTree = "<group>"; };
		9DF44A711FC2B4400063D804 /* Golf.app */ = {isa = PBXFileReference; explicitFileType = wrapper.application; includeInIndex = 0; path = Golf.app; sourceTree = BUILT_PRODUCTS_DIR; };
		9DF44A741FC2B4400063D804 /* AppDelegate.swift */ = {isa = PBXFileReference; lastKnownFileType = sourcecode.swift; path = AppDelegate.swift; sourceTree = "<group>"; };
		9DF44A761FC2B4400063D804 /* MainViewController.swift */ = {isa = PBXFileReference; lastKnownFileType = sourcecode.swift; path = MainViewController.swift; sourceTree = "<group>"; };
		9DF44A791FC2B4400063D804 /* Base */ = {isa = PBXFileReference; lastKnownFileType = file.storyboard; name = Base; path = Base.lproj/Main.storyboard; sourceTree = "<group>"; };
		9DF44A7B1FC2B4400063D804 /* Assets.xcassets */ = {isa = PBXFileReference; lastKnownFileType = folder.assetcatalog; path = Assets.xcassets; sourceTree = "<group>"; };
		9DF44A7E1FC2B4400063D804 /* Base */ = {isa = PBXFileReference; lastKnownFileType = file.storyboard; name = Base; path = Base.lproj/LaunchScreen.storyboard; sourceTree = "<group>"; };
		9DF44A801FC2B4400063D804 /* Info.plist */ = {isa = PBXFileReference; lastKnownFileType = text.plist.xml; path = Info.plist; sourceTree = "<group>"; };
		9DF44A871FC2BBD20063D804 /* BaseViewController.swift */ = {isa = PBXFileReference; lastKnownFileType = sourcecode.swift; path = BaseViewController.swift; sourceTree = "<group>"; };
		9DF546391FC65C8400850EDC /* ListInfotmatchViewController.swift */ = {isa = PBXFileReference; lastKnownFileType = sourcecode.swift; path = ListInfotmatchViewController.swift; sourceTree = "<group>"; };
		9DF70F121FC55EA800774BA6 /* HoleListViewController.swift */ = {isa = PBXFileReference; lastKnownFileType = sourcecode.swift; path = HoleListViewController.swift; sourceTree = "<group>"; };
		9DF70F151FC55FB400774BA6 /* HoleViewCell.swift */ = {isa = PBXFileReference; lastKnownFileType = sourcecode.swift; path = HoleViewCell.swift; sourceTree = "<group>"; };
		9DF70F161FC55FB400774BA6 /* HoleViewCell.xib */ = {isa = PBXFileReference; lastKnownFileType = file.xib; path = HoleViewCell.xib; sourceTree = "<group>"; };
		9DF70F191FC5623D00774BA6 /* Define.swift */ = {isa = PBXFileReference; lastKnownFileType = sourcecode.swift; path = Define.swift; sourceTree = "<group>"; };
		9DF70F1B1FC56D1000774BA6 /* DetailHoleViewController.swift */ = {isa = PBXFileReference; lastKnownFileType = sourcecode.swift; path = DetailHoleViewController.swift; sourceTree = "<group>"; };
		9DF881EE1FC3CAE100FADA1B /* AboutUsViewController.swift */ = {isa = PBXFileReference; lastKnownFileType = sourcecode.swift; path = AboutUsViewController.swift; sourceTree = "<group>"; };
		9DF881F11FC3CFA400FADA1B /* StoryBoardHelper.swift */ = {isa = PBXFileReference; lastKnownFileType = sourcecode.swift; path = StoryBoardHelper.swift; sourceTree = "<group>"; };
		9DF881F31FC3D43300FADA1B /* AboutTourViewController.swift */ = {isa = PBXFileReference; lastKnownFileType = sourcecode.swift; path = AboutTourViewController.swift; sourceTree = "<group>"; };
		9DFC799C1FD256EB002CA3F5 /* InfomationMemberController.swift */ = {isa = PBXFileReference; lastKnownFileType = sourcecode.swift; path = InfomationMemberController.swift; sourceTree = "<group>"; };
		BD995BA08F58A4FFD8D88EB6 /* Pods_Golf.framework */ = {isa = PBXFileReference; explicitFileType = wrapper.framework; includeInIndex = 0; path = Pods_Golf.framework; sourceTree = BUILT_PRODUCTS_DIR; };
		E4FA910DD8DD93D47F17CE51 /* Pods-Golf.debug.xcconfig */ = {isa = PBXFileReference; includeInIndex = 1; lastKnownFileType = text.xcconfig; name = "Pods-Golf.debug.xcconfig"; path = "Pods/Target Support Files/Pods-Golf/Pods-Golf.debug.xcconfig"; sourceTree = "<group>"; };
/* End PBXFileReference section */

/* Begin PBXFrameworksBuildPhase section */
		9DF44A6E1FC2B43F0063D804 /* Frameworks */ = {
			isa = PBXFrameworksBuildPhase;
			buildActionMask = 2147483647;
			files = (
				9D0A2B2B1FD556E2007A4EAF /* CoreData.framework in Frameworks */,
				6876139A579BF38C8F73277E /* Pods_Golf.framework in Frameworks */,
			);
			runOnlyForDeploymentPostprocessing = 0;
		};
/* End PBXFrameworksBuildPhase section */

/* Begin PBXGroup section */
		6EC170002F31860A139BE663 /* Frameworks */ = {
			isa = PBXGroup;
			children = (
				9D0A2B2A1FD556D5007A4EAF /* CoreData.framework */,
				BD995BA08F58A4FFD8D88EB6 /* Pods_Golf.framework */,
			);
			name = Frameworks;
			sourceTree = "<group>";
		};
		9A7A45D22C6F8629B65B2F2B /* Pods */ = {
			isa = PBXGroup;
			children = (
				E4FA910DD8DD93D47F17CE51 /* Pods-Golf.debug.xcconfig */,
				464E30B328C8B59C9C3E97DA /* Pods-Golf.release.xcconfig */,
			);
			name = Pods;
			sourceTree = "<group>";
		};
		9D986A091FC7B46D0027D894 /* Network */ = {
			isa = PBXGroup;
			children = (
				9D08DAAB1FD4DF2D00F08289 /* BaseAPI.swift */,
				9D08DAAD1FD4E25100F08289 /* Member+API.swift */,
				9D08DAAF1FD4FCF300F08289 /* Company+API.swift */,
				9D0F53A11FD6824C0025EA3B /* Hole+API.swift */,
				9D0F53A31FD68D5B0025EA3B /* Product+API.swift */,
				9D0F53A51FD68F600025EA3B /* News+API.swift */,
				9D0F53A71FD690B50025EA3B /* Donor+API.swift */,
				9D0F53A91FD692D40025EA3B /* Event+API.swift */,
			);
			path = Network;
			sourceTree = "<group>";
		};
		9D986A0A1FC7B4A00027D894 /* Model */ = {
			isa = PBXGroup;
			children = (
				9DA594551FCBB46A00C31CBC /* QRManager.swift */,
				9D05EB781FC823E5008943BF /* SponsorModel.swift */,
				9D04EAED1FC810EE00028EF7 /* BaseModel.swift */,
				9D986A0D1FC7C8FA0027D894 /* ProductDiscountModel.swift */,
				9D986A0F1FC7C9740027D894 /* ProductJackpotModel.swift */,
				9D04EAF31FC81F4000028EF7 /* MemberModel.swift */,
				9D04EAF91FC8222A00028EF7 /* HoleModel.swift */,
				9D04EAFB1FC822AB00028EF7 /* Company.swift */,
				9D05EB7A1FC825EA008943BF /* News.swift */,
				9D56169F1FD10AB000D72CD0 /* EventAvtivityModel.swift */,
				9D069D821FD9201E005275BC /* ActivityModel.swift */,
				9D0A2ADC1FD52C4D007A4EAF /* Storage.swift */,
				9D069D841FD933BC005275BC /* AttendModel.swift */,
				9D0A2B271FD55008007A4EAF /* Golf.xcdatamodeld */,
			);
			path = Model;
			sourceTree = "<group>";
		};
		9DF44A681FC2B43F0063D804 = {
			isa = PBXGroup;
			children = (
				9DF44A731FC2B4400063D804 /* Golf */,
				9DF44A721FC2B4400063D804 /* Products */,
				9A7A45D22C6F8629B65B2F2B /* Pods */,
				6EC170002F31860A139BE663 /* Frameworks */,
			);
			sourceTree = "<group>";
		};
		9DF44A721FC2B4400063D804 /* Products */ = {
			isa = PBXGroup;
			children = (
				9DF44A711FC2B4400063D804 /* Golf.app */,
			);
			name = Products;
			sourceTree = "<group>";
		};
		9DF44A731FC2B4400063D804 /* Golf */ = {
			isa = PBXGroup;
			children = (
				9DF44A741FC2B4400063D804 /* AppDelegate.swift */,
				9DF70F191FC5623D00774BA6 /* Define.swift */,
				9DF44A781FC2B4400063D804 /* Main.storyboard */,
				9DF351331FC6CDB300696057 /* Second.storyboard */,
				9D054A361FF64CE500DCC0EC /* Contants.swift */,
				9DF44A871FC2BBD20063D804 /* BaseViewController.swift */,
				9DF881F11FC3CFA400FADA1B /* StoryBoardHelper.swift */,
				9DF70F141FC55F9500774BA6 /* Views */,
				9DF881F01FC3CAE700FADA1B /* Controller */,
				9D986A0A1FC7B4A00027D894 /* Model */,
				9D986A091FC7B46D0027D894 /* Network */,
				9DF44A891FC2BBD70063D804 /* Util */,
			);
			path = Golf;
			sourceTree = "<group>";
		};
		9DF44A891FC2BBD70063D804 /* Util */ = {
			isa = PBXGroup;
			children = (
				9D4BFF841FCC26EF001ACFD1 /* 華康方圓體W7.ttc */,
				9DDD1BB01FD8F7FB00EE15DF /* SimHei.ttf */,
				9DF44A7B1FC2B4400063D804 /* Assets.xcassets */,
				9DF44A7D1FC2B4400063D804 /* LaunchScreen.storyboard */,
				9DF44A801FC2B4400063D804 /* Info.plist */,
				9D0507EC1FE102CA007EA9A9 /* Enum.swift */,
				9D0F1F9E1FD1484D0094EB26 /* Cache.swift */,
			);
			path = Util;
			sourceTree = "<group>";
		};
		9DF70F141FC55F9500774BA6 /* Views */ = {
			isa = PBXGroup;
			children = (
				9DF70F151FC55FB400774BA6 /* HoleViewCell.swift */,
				9DF70F161FC55FB400774BA6 /* HoleViewCell.xib */,
				9D8943F71FD8DAF80019C562 /* NewsViewCell.swift */,
				9D8269FB1FE0BFD20010591F /* BaseDailog.swift */,
				9D8269FD1FE0C0070010591F /* ChooseBirthDayView.swift */,
				9D9EB0D31FE1076C001EAD5D /* ChooseBirthDayView.xib */,
			);
			path = Views;
			sourceTree = "<group>";
		};
		9DF881F01FC3CAE700FADA1B /* Controller */ = {
			isa = PBXGroup;
			children = (
				9DF44A761FC2B4400063D804 /* MainViewController.swift */,
				9DF881EE1FC3CAE100FADA1B /* AboutUsViewController.swift */,
				9DF881F31FC3D43300FADA1B /* AboutTourViewController.swift */,
				9D0333E01FD0154A00F87B0D /* NewsDetailViewController.swift */,
				9DF18EDF1FC3E84100B71DE7 /* SponsorViewController.swift */,
				9D8E1B681FC4040900FCFD71 /* ContactUsViewController.swift */,
				9DF257821FC4261800ED0404 /* EventViewController.swift */,
				9DF70F121FC55EA800774BA6 /* HoleListViewController.swift */,
				9D56169D1FD0FC5D00D72CD0 /* EventActivityViewController.swift */,
				9DF70F1B1FC56D1000774BA6 /* DetailHoleViewController.swift */,
				9DF546391FC65C8400850EDC /* ListInfotmatchViewController.swift */,
				9DF3512F1FC6BD9000696057 /* AttendanceViewController.swift */,
				9DF351311FC6C43900696057 /* SubmitAttendanceViewController.swift */,
				9D0F1FA01FD163040094EB26 /* AttendSuccessViewController.swift */,
				9DF351351FC6CDDB00696057 /* JackpotViewController.swift */,
				9DA594531FCBB44C00C31CBC /* QRScanViewController.swift */,
				9D0CA5431FCD0B7B00AB4D97 /* ResultScanViewController.swift */,
				9DF351391FC6D4CF00696057 /* ListJackpotViewController.swift */,
				9DF351371FC6D15B00696057 /* DiscountViewController.swift */,
				9D986A071FC7ACC40027D894 /* ListDiscountViewController.swift */,
				9D986A0B1FC7C6C50027D894 /* SinginViewController.swift */,
				9D986A111FC7DBE50027D894 /* ForgotPassViewController.swift */,
				9D04EAE91FC7FB3E00028EF7 /* RegisterViewController.swift */,
				9DFC799C1FD256EB002CA3F5 /* InfomationMemberController.swift */,
				9D0D77DB1FDE46B800286E24 /* ChangePassViewController.swift */,
			);
			path = Controller;
			sourceTree = "<group>";
		};
/* End PBXGroup section */

/* Begin PBXNativeTarget section */
		9DF44A701FC2B43F0063D804 /* Golf */ = {
			isa = PBXNativeTarget;
			buildConfigurationList = 9DF44A831FC2B4400063D804 /* Build configuration list for PBXNativeTarget "Golf" */;
			buildPhases = (
				A3098C43E7B192FE1099A819 /* [CP] Check Pods Manifest.lock */,
				9DF44A6D1FC2B43F0063D804 /* Sources */,
				9DF44A6E1FC2B43F0063D804 /* Frameworks */,
				9DF44A6F1FC2B43F0063D804 /* Resources */,
				D4941FAB6389BA4A56F6055F /* [CP] Embed Pods Frameworks */,
				798B805B7C3561915ACFCA71 /* [CP] Copy Pods Resources */,
				9DF44A861FC2B8060063D804 /* SwiftLint */,
			);
			buildRules = (
			);
			dependencies = (
			);
			name = Golf;
			productName = Golf;
			productReference = 9DF44A711FC2B4400063D804 /* Golf.app */;
			productType = "com.apple.product-type.application";
		};
/* End PBXNativeTarget section */

/* Begin PBXProject section */
		9DF44A691FC2B43F0063D804 /* Project object */ = {
			isa = PBXProject;
			attributes = {
				LastSwiftUpdateCheck = 0910;
				LastUpgradeCheck = 0910;
				ORGANIZATIONNAME = "le kien";
				TargetAttributes = {
					9DF44A701FC2B43F0063D804 = {
						CreatedOnToolsVersion = 9.1;
						ProvisioningStyle = Automatic;
					};
				};
			};
			buildConfigurationList = 9DF44A6C1FC2B43F0063D804 /* Build configuration list for PBXProject "Golf" */;
			compatibilityVersion = "Xcode 8.0";
			developmentRegion = en;
			hasScannedForEncodings = 0;
			knownRegions = (
				en,
				Base,
			);
			mainGroup = 9DF44A681FC2B43F0063D804;
			productRefGroup = 9DF44A721FC2B4400063D804 /* Products */;
			projectDirPath = "";
			projectRoot = "";
			targets = (
				9DF44A701FC2B43F0063D804 /* Golf */,
			);
		};
/* End PBXProject section */

/* Begin PBXResourcesBuildPhase section */
		9DF44A6F1FC2B43F0063D804 /* Resources */ = {
			isa = PBXResourcesBuildPhase;
			buildActionMask = 2147483647;
			files = (
				9DDD1BB11FD8F7FC00EE15DF /* SimHei.ttf in Resources */,
				9DF70F181FC55FB400774BA6 /* HoleViewCell.xib in Resources */,
				9DF44A7F1FC2B4400063D804 /* LaunchScreen.storyboard in Resources */,
				9D9EB0D41FE1076C001EAD5D /* ChooseBirthDayView.xib in Resources */,
				9D4BFF851FCC26F1001ACFD1 /* 華康方圓體W7.ttc in Resources */,
				9DF44A7C1FC2B4400063D804 /* Assets.xcassets in Resources */,
				9DF351341FC6CDB300696057 /* Second.storyboard in Resources */,
				9DF44A7A1FC2B4400063D804 /* Main.storyboard in Resources */,
			);
			runOnlyForDeploymentPostprocessing = 0;
		};
/* End PBXResourcesBuildPhase section */

/* Begin PBXShellScriptBuildPhase section */
		798B805B7C3561915ACFCA71 /* [CP] Copy Pods Resources */ = {
			isa = PBXShellScriptBuildPhase;
			buildActionMask = 2147483647;
			files = (
			);
			inputPaths = (
				"${SRCROOT}/Pods/Target Support Files/Pods-Golf/Pods-Golf-resources.sh",
				"${PODS_ROOT}/GoogleMaps/Maps/Frameworks/GoogleMaps.framework/Resources/GoogleMaps.bundle",
				"${PODS_ROOT}/GooglePlaces/Frameworks/GooglePlaces.framework/Resources/GooglePlaces.bundle",
			);
			name = "[CP] Copy Pods Resources";
			outputPaths = (
				"${TARGET_BUILD_DIR}/${UNLOCALIZED_RESOURCES_FOLDER_PATH}",
			);
			runOnlyForDeploymentPostprocessing = 0;
			shellPath = /bin/sh;
			shellScript = "\"${SRCROOT}/Pods/Target Support Files/Pods-Golf/Pods-Golf-resources.sh\"\n";
			showEnvVarsInLog = 0;
		};
		9DF44A861FC2B8060063D804 /* SwiftLint */ = {
			isa = PBXShellScriptBuildPhase;
			buildActionMask = 2147483647;
			files = (
			);
			inputPaths = (
			);
			name = SwiftLint;
			outputPaths = (
			);
			runOnlyForDeploymentPostprocessing = 0;
			shellPath = /bin/sh;
			shellScript = "\"${PODS_ROOT}/SwiftLint/swiftlint\"";
		};
		A3098C43E7B192FE1099A819 /* [CP] Check Pods Manifest.lock */ = {
			isa = PBXShellScriptBuildPhase;
			buildActionMask = 2147483647;
			files = (
			);
			inputPaths = (
				"${PODS_PODFILE_DIR_PATH}/Podfile.lock",
				"${PODS_ROOT}/Manifest.lock",
			);
			name = "[CP] Check Pods Manifest.lock";
			outputPaths = (
				"$(DERIVED_FILE_DIR)/Pods-Golf-checkManifestLockResult.txt",
			);
			runOnlyForDeploymentPostprocessing = 0;
			shellPath = /bin/sh;
			shellScript = "diff \"${PODS_PODFILE_DIR_PATH}/Podfile.lock\" \"${PODS_ROOT}/Manifest.lock\" > /dev/null\nif [ $? != 0 ] ; then\n    # print error to STDERR\n    echo \"error: The sandbox is not in sync with the Podfile.lock. Run 'pod install' or update your CocoaPods installation.\" >&2\n    exit 1\nfi\n# This output is used by Xcode 'outputs' to avoid re-running this script phase.\necho \"SUCCESS\" > \"${SCRIPT_OUTPUT_FILE_0}\"\n";
			showEnvVarsInLog = 0;
		};
		D4941FAB6389BA4A56F6055F /* [CP] Embed Pods Frameworks */ = {
			isa = PBXShellScriptBuildPhase;
			buildActionMask = 2147483647;
			files = (
			);
			inputPaths = (
				"${SRCROOT}/Pods/Target Support Files/Pods-Golf/Pods-Golf-frameworks.sh",
				"${BUILT_PRODUCTS_DIR}/Alamofire/Alamofire.framework",
				"${BUILT_PRODUCTS_DIR}/Kingfisher/Kingfisher.framework",
				"${BUILT_PRODUCTS_DIR}/LKExtension/LKExtension.framework",
				"${BUILT_PRODUCTS_DIR}/SwiftyJSON/SwiftyJSON.framework",
			);
			name = "[CP] Embed Pods Frameworks";
			outputPaths = (
				"${TARGET_BUILD_DIR}/${FRAMEWORKS_FOLDER_PATH}/Alamofire.framework",
				"${TARGET_BUILD_DIR}/${FRAMEWORKS_FOLDER_PATH}/Kingfisher.framework",
				"${TARGET_BUILD_DIR}/${FRAMEWORKS_FOLDER_PATH}/LKExtension.framework",
				"${TARGET_BUILD_DIR}/${FRAMEWORKS_FOLDER_PATH}/SwiftyJSON.framework",
			);
			runOnlyForDeploymentPostprocessing = 0;
			shellPath = /bin/sh;
			shellScript = "\"${SRCROOT}/Pods/Target Support Files/Pods-Golf/Pods-Golf-frameworks.sh\"\n";
			showEnvVarsInLog = 0;
		};
/* End PBXShellScriptBuildPhase section */

/* Begin PBXSourcesBuildPhase section */
		9DF44A6D1FC2B43F0063D804 /* Sources */ = {
			isa = PBXSourcesBuildPhase;
			buildActionMask = 2147483647;
			files = (
				9D04EAEA1FC7FB3E00028EF7 /* RegisterViewController.swift in Sources */,
				9DF881F21FC3CFA400FADA1B /* StoryBoardHelper.swift in Sources */,
				9D04EAEE1FC810EF00028EF7 /* BaseModel.swift in Sources */,
				9DF351321FC6C43900696057 /* SubmitAttendanceViewController.swift in Sources */,
				9D08DAB01FD4FCF300F08289 /* Company+API.swift in Sources */,
				9D5616A01FD10AB000D72CD0 /* EventAvtivityModel.swift in Sources */,
				9D0CA5441FCD0B7B00AB4D97 /* ResultScanViewController.swift in Sources */,
				9D986A081FC7ACC40027D894 /* ListDiscountViewController.swift in Sources */,
				9DF881EF1FC3CAE100FADA1B /* AboutUsViewController.swift in Sources */,
				9D0F53A41FD68D5B0025EA3B /* Product+API.swift in Sources */,
				9D0F53AA1FD692D40025EA3B /* Event+API.swift in Sources */,
				9D8269FE1FE0C0070010591F /* ChooseBirthDayView.swift in Sources */,
				9D8943F81FD8DAF80019C562 /* NewsViewCell.swift in Sources */,
				9D8269FC1FE0BFD20010591F /* BaseDailog.swift in Sources */,
				9D08DAAE1FD4E25100F08289 /* Member+API.swift in Sources */,
				9D08DAAC1FD4DF2D00F08289 /* BaseAPI.swift in Sources */,
				9D05EB7B1FC825EA008943BF /* News.swift in Sources */,
				9D0F53A61FD68F600025EA3B /* News+API.swift in Sources */,
				9DF44A771FC2B4400063D804 /* MainViewController.swift in Sources */,
				9D0F53A21FD6824C0025EA3B /* Hole+API.swift in Sources */,
				9D0A2B291FD55008007A4EAF /* Golf.xcdatamodeld in Sources */,
				9DA594561FCBB46A00C31CBC /* QRManager.swift in Sources */,
				9DF351361FC6CDDB00696057 /* JackpotViewController.swift in Sources */,
				9D04EAF41FC81F4000028EF7 /* MemberModel.swift in Sources */,
				9DF18EE01FC3E84100B71DE7 /* SponsorViewController.swift in Sources */,
				9D054A371FF64CE500DCC0EC /* Contants.swift in Sources */,
				9D986A121FC7DBE50027D894 /* ForgotPassViewController.swift in Sources */,
				9D069D851FD933BC005275BC /* AttendModel.swift in Sources */,
				9D986A0E1FC7C8FA0027D894 /* ProductDiscountModel.swift in Sources */,
				9D04EAFA1FC8222A00028EF7 /* HoleModel.swift in Sources */,
				9D56169E1FD0FC5D00D72CD0 /* EventActivityViewController.swift in Sources */,
				9D0F1FA11FD163040094EB26 /* AttendSuccessViewController.swift in Sources */,
				9D0333E11FD0154A00F87B0D /* NewsDetailViewController.swift in Sources */,
				9DF44A751FC2B4400063D804 /* AppDelegate.swift in Sources */,
				9DF257831FC4261800ED0404 /* EventViewController.swift in Sources */,
				9DF70F131FC55EA800774BA6 /* HoleListViewController.swift in Sources */,
				9DF44A881FC2BBD20063D804 /* BaseViewController.swift in Sources */,
				9D05EB791FC823E5008943BF /* SponsorModel.swift in Sources */,
				9D0507ED1FE102CA007EA9A9 /* Enum.swift in Sources */,
				9DF70F171FC55FB400774BA6 /* HoleViewCell.swift in Sources */,
				9D986A0C1FC7C6C50027D894 /* SinginViewController.swift in Sources */,
				9DA594541FCBB44C00C31CBC /* QRScanViewController.swift in Sources */,
				9DF351301FC6BD9000696057 /* AttendanceViewController.swift in Sources */,
				9D069D831FD9201E005275BC /* ActivityModel.swift in Sources */,
				9D0A2ADD1FD52C4D007A4EAF /* Storage.swift in Sources */,
				9D0F53A81FD690B50025EA3B /* Donor+API.swift in Sources */,
				9DF70F1C1FC56D1000774BA6 /* DetailHoleViewController.swift in Sources */,
				9D0D77DC1FDE46B800286E24 /* ChangePassViewController.swift in Sources */,
				9D0F1F9F1FD1484D0094EB26 /* Cache.swift in Sources */,
				9D986A101FC7C9740027D894 /* ProductJackpotModel.swift in Sources */,
				9DF881F41FC3D43300FADA1B /* AboutTourViewController.swift in Sources */,
				9DF351381FC6D15B00696057 /* DiscountViewController.swift in Sources */,
				9DF70F1A1FC5623D00774BA6 /* Define.swift in Sources */,
				9DFC799D1FD256EB002CA3F5 /* InfomationMemberController.swift in Sources */,
				9DF3513A1FC6D4CF00696057 /* ListJackpotViewController.swift in Sources */,
				9D8E1B691FC4040900FCFD71 /* ContactUsViewController.swift in Sources */,
				9DF5463A1FC65C8400850EDC /* ListInfotmatchViewController.swift in Sources */,
				9D04EAFC1FC822AB00028EF7 /* Company.swift in Sources */,
			);
			runOnlyForDeploymentPostprocessing = 0;
		};
/* End PBXSourcesBuildPhase section */

/* Begin PBXVariantGroup section */
		9DF44A781FC2B4400063D804 /* Main.storyboard */ = {
			isa = PBXVariantGroup;
			children = (
				9DF44A791FC2B4400063D804 /* Base */,
			);
			name = Main.storyboard;
			sourceTree = "<group>";
		};
		9DF44A7D1FC2B4400063D804 /* LaunchScreen.storyboard */ = {
			isa = PBXVariantGroup;
			children = (
				9DF44A7E1FC2B4400063D804 /* Base */,
			);
			name = LaunchScreen.storyboard;
			sourceTree = "<group>";
		};
/* End PBXVariantGroup section */

/* Begin XCBuildConfiguration section */
		9DF44A811FC2B4400063D804 /* Debug */ = {
			isa = XCBuildConfiguration;
			buildSettings = {
				ALWAYS_SEARCH_USER_PATHS = NO;
				CLANG_ANALYZER_NONNULL = YES;
				CLANG_ANALYZER_NUMBER_OBJECT_CONVERSION = YES_AGGRESSIVE;
				CLANG_CXX_LANGUAGE_STANDARD = "gnu++14";
				CLANG_CXX_LIBRARY = "libc++";
				CLANG_ENABLE_MODULES = YES;
				CLANG_ENABLE_OBJC_ARC = YES;
				CLANG_WARN_BLOCK_CAPTURE_AUTORELEASING = YES;
				CLANG_WARN_BOOL_CONVERSION = YES;
				CLANG_WARN_COMMA = YES;
				CLANG_WARN_CONSTANT_CONVERSION = YES;
				CLANG_WARN_DIRECT_OBJC_ISA_USAGE = YES_ERROR;
				CLANG_WARN_DOCUMENTATION_COMMENTS = YES;
				CLANG_WARN_EMPTY_BODY = YES;
				CLANG_WARN_ENUM_CONVERSION = YES;
				CLANG_WARN_INFINITE_RECURSION = YES;
				CLANG_WARN_INT_CONVERSION = YES;
				CLANG_WARN_NON_LITERAL_NULL_CONVERSION = YES;
				CLANG_WARN_OBJC_LITERAL_CONVERSION = YES;
				CLANG_WARN_OBJC_ROOT_CLASS = YES_ERROR;
				CLANG_WARN_RANGE_LOOP_ANALYSIS = YES;
				CLANG_WARN_STRICT_PROTOTYPES = YES;
				CLANG_WARN_SUSPICIOUS_MOVE = YES;
				CLANG_WARN_UNGUARDED_AVAILABILITY = YES_AGGRESSIVE;
				CLANG_WARN_UNREACHABLE_CODE = YES;
				CLANG_WARN__DUPLICATE_METHOD_MATCH = YES;
				CODE_SIGN_IDENTITY = "iPhone Developer";
				COPY_PHASE_STRIP = NO;
				DEBUG_INFORMATION_FORMAT = dwarf;
				ENABLE_STRICT_OBJC_MSGSEND = YES;
				ENABLE_TESTABILITY = YES;
				GCC_C_LANGUAGE_STANDARD = gnu11;
				GCC_DYNAMIC_NO_PIC = NO;
				GCC_NO_COMMON_BLOCKS = YES;
				GCC_OPTIMIZATION_LEVEL = 0;
				GCC_PREPROCESSOR_DEFINITIONS = (
					"DEBUG=1",
					"$(inherited)",
				);
				GCC_WARN_64_TO_32_BIT_CONVERSION = YES;
				GCC_WARN_ABOUT_RETURN_TYPE = YES_ERROR;
				GCC_WARN_UNDECLARED_SELECTOR = YES;
				GCC_WARN_UNINITIALIZED_AUTOS = YES_AGGRESSIVE;
				GCC_WARN_UNUSED_FUNCTION = YES;
				GCC_WARN_UNUSED_VARIABLE = YES;
				IPHONEOS_DEPLOYMENT_TARGET = 11.1;
				MTL_ENABLE_DEBUG_INFO = YES;
				ONLY_ACTIVE_ARCH = YES;
				SDKROOT = iphoneos;
				SWIFT_ACTIVE_COMPILATION_CONDITIONS = DEBUG;
				SWIFT_OPTIMIZATION_LEVEL = "-Onone";
			};
			name = Debug;
		};
		9DF44A821FC2B4400063D804 /* Release */ = {
			isa = XCBuildConfiguration;
			buildSettings = {
				ALWAYS_SEARCH_USER_PATHS = NO;
				CLANG_ANALYZER_NONNULL = YES;
				CLANG_ANALYZER_NUMBER_OBJECT_CONVERSION = YES_AGGRESSIVE;
				CLANG_CXX_LANGUAGE_STANDARD = "gnu++14";
				CLANG_CXX_LIBRARY = "libc++";
				CLANG_ENABLE_MODULES = YES;
				CLANG_ENABLE_OBJC_ARC = YES;
				CLANG_WARN_BLOCK_CAPTURE_AUTORELEASING = YES;
				CLANG_WARN_BOOL_CONVERSION = YES;
				CLANG_WARN_COMMA = YES;
				CLANG_WARN_CONSTANT_CONVERSION = YES;
				CLANG_WARN_DIRECT_OBJC_ISA_USAGE = YES_ERROR;
				CLANG_WARN_DOCUMENTATION_COMMENTS = YES;
				CLANG_WARN_EMPTY_BODY = YES;
				CLANG_WARN_ENUM_CONVERSION = YES;
				CLANG_WARN_INFINITE_RECURSION = YES;
				CLANG_WARN_INT_CONVERSION = YES;
				CLANG_WARN_NON_LITERAL_NULL_CONVERSION = YES;
				CLANG_WARN_OBJC_LITERAL_CONVERSION = YES;
				CLANG_WARN_OBJC_ROOT_CLASS = YES_ERROR;
				CLANG_WARN_RANGE_LOOP_ANALYSIS = YES;
				CLANG_WARN_STRICT_PROTOTYPES = YES;
				CLANG_WARN_SUSPICIOUS_MOVE = YES;
				CLANG_WARN_UNGUARDED_AVAILABILITY = YES_AGGRESSIVE;
				CLANG_WARN_UNREACHABLE_CODE = YES;
				CLANG_WARN__DUPLICATE_METHOD_MATCH = YES;
				CODE_SIGN_IDENTITY = "iPhone Developer";
				COPY_PHASE_STRIP = NO;
				DEBUG_INFORMATION_FORMAT = "dwarf-with-dsym";
				ENABLE_NS_ASSERTIONS = NO;
				ENABLE_STRICT_OBJC_MSGSEND = YES;
				GCC_C_LANGUAGE_STANDARD = gnu11;
				GCC_NO_COMMON_BLOCKS = YES;
				GCC_WARN_64_TO_32_BIT_CONVERSION = YES;
				GCC_WARN_ABOUT_RETURN_TYPE = YES_ERROR;
				GCC_WARN_UNDECLARED_SELECTOR = YES;
				GCC_WARN_UNINITIALIZED_AUTOS = YES_AGGRESSIVE;
				GCC_WARN_UNUSED_FUNCTION = YES;
				GCC_WARN_UNUSED_VARIABLE = YES;
				IPHONEOS_DEPLOYMENT_TARGET = 11.1;
				MTL_ENABLE_DEBUG_INFO = NO;
				SDKROOT = iphoneos;
				SWIFT_OPTIMIZATION_LEVEL = "-Owholemodule";
				VALIDATE_PRODUCT = YES;
			};
			name = Release;
		};
		9DF44A841FC2B4400063D804 /* Debug */ = {
			isa = XCBuildConfiguration;
			baseConfigurationReference = E4FA910DD8DD93D47F17CE51 /* Pods-Golf.debug.xcconfig */;
			buildSettings = {
				ASSETCATALOG_COMPILER_APPICON_NAME = AppIcon;
				CODE_SIGN_STYLE = Automatic;
				DEVELOPMENT_TEAM = HDNMHL7M4Y;
				INFOPLIST_FILE = "$(SRCROOT)/Golf/Util/Info.plist";
				IPHONEOS_DEPLOYMENT_TARGET = 8.0;
				LD_RUNPATH_SEARCH_PATHS = "$(inherited) @executable_path/Frameworks";
				PRODUCT_BUNDLE_IDENTIFIER = ctvtrans.kien.Golf;
				PRODUCT_NAME = "$(TARGET_NAME)";
				SWIFT_VERSION = 4.0;
				TARGETED_DEVICE_FAMILY = 1;
			};
			name = Debug;
		};
		9DF44A851FC2B4400063D804 /* Release */ = {
			isa = XCBuildConfiguration;
			baseConfigurationReference = 464E30B328C8B59C9C3E97DA /* Pods-Golf.release.xcconfig */;
			buildSettings = {
				ASSETCATALOG_COMPILER_APPICON_NAME = AppIcon;
				CODE_SIGN_STYLE = Automatic;
				DEVELOPMENT_TEAM = HDNMHL7M4Y;
				INFOPLIST_FILE = "$(SRCROOT)/Golf/Util/Info.plist";
				IPHONEOS_DEPLOYMENT_TARGET = 8.0;
				LD_RUNPATH_SEARCH_PATHS = "$(inherited) @executable_path/Frameworks";
				PRODUCT_BUNDLE_IDENTIFIER = ctvtrans.kien.Golf;
				PRODUCT_NAME = "$(TARGET_NAME)";
				SWIFT_VERSION = 4.0;
				TARGETED_DEVICE_FAMILY = 1;
			};
			name = Release;
		};
/* End XCBuildConfiguration section */

/* Begin XCConfigurationList section */
		9DF44A6C1FC2B43F0063D804 /* Build configuration list for PBXProject "Golf" */ = {
			isa = XCConfigurationList;
			buildConfigurations = (
				9DF44A811FC2B4400063D804 /* Debug */,
				9DF44A821FC2B4400063D804 /* Release */,
			);
			defaultConfigurationIsVisible = 0;
			defaultConfigurationName = Release;
		};
		9DF44A831FC2B4400063D804 /* Build configuration list for PBXNativeTarget "Golf" */ = {
			isa = XCConfigurationList;
			buildConfigurations = (
				9DF44A841FC2B4400063D804 /* Debug */,
				9DF44A851FC2B4400063D804 /* Release */,
			);
			defaultConfigurationIsVisible = 0;
			defaultConfigurationName = Release;
		};
/* End XCConfigurationList section */

/* Begin XCVersionGroup section */
		9D0A2B271FD55008007A4EAF /* Golf.xcdatamodeld */ = {
			isa = XCVersionGroup;
			children = (
				9D0A2B281FD55008007A4EAF /* Golf.xcdatamodel */,
			);
			currentVersion = 9D0A2B281FD55008007A4EAF /* Golf.xcdatamodel */;
			path = Golf.xcdatamodeld;
			sourceTree = "<group>";
			versionGroupType = wrapper.xcdatamodel;
		};
/* End XCVersionGroup section */
	};
	rootObject = 9DF44A691FC2B43F0063D804 /* Project object */;
}
