// !$*UTF8*$!
{
	archiveVersion = 1;
	classes = {
	};
	objectVersion = 48;
	objects = {

/* Begin PBXBuildFile section */
		6876139A579BF38C8F73277E /* Pods_Golf.framework in Frameworks */ = {isa = PBXBuildFile; fileRef = BD995BA08F58A4FFD8D88EB6 /* Pods_Golf.framework */; };
		9DF44A751FC2B4400063D804 /* AppDelegate.swift in Sources */ = {isa = PBXBuildFile; fileRef = 9DF44A741FC2B4400063D804 /* AppDelegate.swift */; };
		9DF44A771FC2B4400063D804 /* ViewController.swift in Sources */ = {isa = PBXBuildFile; fileRef = 9DF44A761FC2B4400063D804 /* ViewController.swift */; };
		9DF44A7A1FC2B4400063D804 /* Main.storyboard in Resources */ = {isa = PBXBuildFile; fileRef = 9DF44A781FC2B4400063D804 /* Main.storyboard */; };
		9DF44A7C1FC2B4400063D804 /* Assets.xcassets in Resources */ = {isa = PBXBuildFile; fileRef = 9DF44A7B1FC2B4400063D804 /* Assets.xcassets */; };
		9DF44A7F1FC2B4400063D804 /* LaunchScreen.storyboard in Resources */ = {isa = PBXBuildFile; fileRef = 9DF44A7D1FC2B4400063D804 /* LaunchScreen.storyboard */; };
/* End PBXBuildFile section */

/* Begin PBXFileReference section */
		464E30B328C8B59C9C3E97DA /* Pods-Golf.release.xcconfig */ = {isa = PBXFileReference; includeInIndex = 1; lastKnownFileType = text.xcconfig; name = "Pods-Golf.release.xcconfig"; path = "Pods/Target Support Files/Pods-Golf/Pods-Golf.release.xcconfig"; sourceTree = "<group>"; };
		9DF44A711FC2B4400063D804 /* Golf.app */ = {isa = PBXFileReference; explicitFileType = wrapper.application; includeInIndex = 0; path = Golf.app; sourceTree = BUILT_PRODUCTS_DIR; };
		9DF44A741FC2B4400063D804 /* AppDelegate.swift */ = {isa = PBXFileReference; lastKnownFileType = sourcecode.swift; path = AppDelegate.swift; sourceTree = "<group>"; };
		9DF44A761FC2B4400063D804 /* ViewController.swift */ = {isa = PBXFileReference; lastKnownFileType = sourcecode.swift; path = ViewController.swift; sourceTree = "<group>"; };
		9DF44A791FC2B4400063D804 /* Base */ = {isa = PBXFileReference; lastKnownFileType = file.storyboard; name = Base; path = Base.lproj/Main.storyboard; sourceTree = "<group>"; };
		9DF44A7B1FC2B4400063D804 /* Assets.xcassets */ = {isa = PBXFileReference; lastKnownFileType = folder.assetcatalog; path = Assets.xcassets; sourceTree = "<group>"; };
		9DF44A7E1FC2B4400063D804 /* Base */ = {isa = PBXFileReference; lastKnownFileType = file.storyboard; name = Base; path = Base.lproj/LaunchScreen.storyboard; sourceTree = "<group>"; };
		9DF44A801FC2B4400063D804 /* Info.plist */ = {isa = PBXFileReference; lastKnownFileType = text.plist.xml; path = Info.plist; sourceTree = "<group>"; };
		BD995BA08F58A4FFD8D88EB6 /* Pods_Golf.framework */ = {isa = PBXFileReference; explicitFileType = wrapper.framework; includeInIndex = 0; path = Pods_Golf.framework; sourceTree = BUILT_PRODUCTS_DIR; };
		E4FA910DD8DD93D47F17CE51 /* Pods-Golf.debug.xcconfig */ = {isa = PBXFileReference; includeInIndex = 1; lastKnownFileType = text.xcconfig; name = "Pods-Golf.debug.xcconfig"; path = "Pods/Target Support Files/Pods-Golf/Pods-Golf.debug.xcconfig"; sourceTree = "<group>"; };
/* End PBXFileReference section */

/* Begin PBXFrameworksBuildPhase section */
		9DF44A6E1FC2B43F0063D804 /* Frameworks */ = {
			isa = PBXFrameworksBuildPhase;
			buildActionMask = 2147483647;
			files = (
				6876139A579BF38C8F73277E /* Pods_Golf.framework in Frameworks */,
			);
			runOnlyForDeploymentPostprocessing = 0;
		};
/* End PBXFrameworksBuildPhase section */

/* Begin PBXGroup section */
		6EC170002F31860A139BE663 /* Frameworks */ = {
			isa = PBXGroup;
			children = (
				BD995BA08F58A4FFD8D88EB6 /* Pods_Golf.framework */,
			);
			name = Frameworks;
			sourceTree = "<group>";
		};
		9A7A45D22C6F8629B65B2F2B /* Pods */ = {
			isa = PBXGroup;
			children = (
				E4FA910DD8DD93D47F17CE51 /* Pods-Golf.debug.xcconfig */,
				464E30B328C8B59C9C3E97DA /* Pods-Golf.release.xcconfig */,
			);
			name = Pods;
			sourceTree = "<group>";
		};
		9DF44A681FC2B43F0063D804 = {
			isa = PBXGroup;
			children = (
				9DF44A731FC2B4400063D804 /* Golf */,
				9DF44A721FC2B4400063D804 /* Products */,
				9A7A45D22C6F8629B65B2F2B /* Pods */,
				6EC170002F31860A139BE663 /* Frameworks */,
			);
			sourceTree = "<group>";
		};
		9DF44A721FC2B4400063D804 /* Products */ = {
			isa = PBXGroup;
			children = (
				9DF44A711FC2B4400063D804 /* Golf.app */,
			);
			name = Products;
			sourceTree = "<group>";
		};
		9DF44A731FC2B4400063D804 /* Golf */ = {
			isa = PBXGroup;
			children = (
				9DF44A741FC2B4400063D804 /* AppDelegate.swift */,
				9DF44A761FC2B4400063D804 /* ViewController.swift */,
				9DF44A781FC2B4400063D804 /* Main.storyboard */,
				9DF44A7B1FC2B4400063D804 /* Assets.xcassets */,
				9DF44A7D1FC2B4400063D804 /* LaunchScreen.storyboard */,
				9DF44A801FC2B4400063D804 /* Info.plist */,
			);
			path = Golf;
			sourceTree = "<group>";
		};
/* End PBXGroup section */

/* Begin PBXNativeTarget section */
		9DF44A701FC2B43F0063D804 /* Golf */ = {
			isa = PBXNativeTarget;
			buildConfigurationList = 9DF44A831FC2B4400063D804 /* Build configuration list for PBXNativeTarget "Golf" */;
			buildPhases = (
				A3098C43E7B192FE1099A819 /* [CP] Check Pods Manifest.lock */,
				9DF44A6D1FC2B43F0063D804 /* Sources */,
				9DF44A6E1FC2B43F0063D804 /* Frameworks */,
				9DF44A6F1FC2B43F0063D804 /* Resources */,
				D4941FAB6389BA4A56F6055F /* [CP] Embed Pods Frameworks */,
				798B805B7C3561915ACFCA71 /* [CP] Copy Pods Resources */,
			);
			buildRules = (
			);
			dependencies = (
			);
			name = Golf;
			productName = Golf;
			productReference = 9DF44A711FC2B4400063D804 /* Golf.app */;
			productType = "com.apple.product-type.application";
		};
/* End PBXNativeTarget section */

/* Begin PBXProject section */
		9DF44A691FC2B43F0063D804 /* Project object */ = {
			isa = PBXProject;
			attributes = {
				LastSwiftUpdateCheck = 0910;
				LastUpgradeCheck = 0910;
				ORGANIZATIONNAME = "le kien";
				TargetAttributes = {
					9DF44A701FC2B43F0063D804 = {
						CreatedOnToolsVersion = 9.1;
						ProvisioningStyle = Automatic;
					};
				};
			};
			buildConfigurationList = 9DF44A6C1FC2B43F0063D804 /* Build configuration list for PBXProject "Golf" */;
			compatibilityVersion = "Xcode 8.0";
			developmentRegion = en;
			hasScannedForEncodings = 0;
			knownRegions = (
				en,
				Base,
			);
			mainGroup = 9DF44A681FC2B43F0063D804;
			productRefGroup = 9DF44A721FC2B4400063D804 /* Products */;
			projectDirPath = "";
			projectRoot = "";
			targets = (
				9DF44A701FC2B43F0063D804 /* Golf */,
			);
		};
/* End PBXProject section */

/* Begin PBXResourcesBuildPhase section */
		9DF44A6F1FC2B43F0063D804 /* Resources */ = {
			isa = PBXResourcesBuildPhase;
			buildActionMask = 2147483647;
			files = (
				9DF44A7F1FC2B4400063D804 /* LaunchScreen.storyboard in Resources */,
				9DF44A7C1FC2B4400063D804 /* Assets.xcassets in Resources */,
				9DF44A7A1FC2B4400063D804 /* Main.storyboard in Resources */,
			);
			runOnlyForDeploymentPostprocessing = 0;
		};
/* End PBXResourcesBuildPhase section */

/* Begin PBXShellScriptBuildPhase section */
		798B805B7C3561915ACFCA71 /* [CP] Copy Pods Resources */ = {
			isa = PBXShellScriptBuildPhase;
			buildActionMask = 2147483647;
			files = (
			);
			inputPaths = (
			);
			name = "[CP] Copy Pods Resources";
			outputPaths = (
			);
			runOnlyForDeploymentPostprocessing = 0;
			shellPath = /bin/sh;
			shellScript = "\"${SRCROOT}/Pods/Target Support Files/Pods-Golf/Pods-Golf-resources.sh\"\n";
			showEnvVarsInLog = 0;
		};
		A3098C43E7B192FE1099A819 /* [CP] Check Pods Manifest.lock */ = {
			isa = PBXShellScriptBuildPhase;
			buildActionMask = 2147483647;
			files = (
			);
			inputPaths = (
				"${PODS_PODFILE_DIR_PATH}/Podfile.lock",
				"${PODS_ROOT}/Manifest.lock",
			);
			name = "[CP] Check Pods Manifest.lock";
			outputPaths = (
				"$(DERIVED_FILE_DIR)/Pods-Golf-checkManifestLockResult.txt",
			);
			runOnlyForDeploymentPostprocessing = 0;
			shellPath = /bin/sh;
			shellScript = "diff \"${PODS_PODFILE_DIR_PATH}/Podfile.lock\" \"${PODS_ROOT}/Manifest.lock\" > /dev/null\nif [ $? != 0 ] ; then\n    # print error to STDERR\n    echo \"error: The sandbox is not in sync with the Podfile.lock. Run 'pod install' or update your CocoaPods installation.\" >&2\n    exit 1\nfi\n# This output is used by Xcode 'outputs' to avoid re-running this script phase.\necho \"SUCCESS\" > \"${SCRIPT_OUTPUT_FILE_0}\"\n";
			showEnvVarsInLog = 0;
		};
		D4941FAB6389BA4A56F6055F /* [CP] Embed Pods Frameworks */ = {
			isa = PBXShellScriptBuildPhase;
			buildActionMask = 2147483647;
			files = (
			);
			inputPaths = (
				"${SRCROOT}/Pods/Target Support Files/Pods-Golf/Pods-Golf-frameworks.sh",
				"${BUILT_PRODUCTS_DIR}/Alamofire/Alamofire.framework",
				"${BUILT_PRODUCTS_DIR}/SwiftyJSON/SwiftyJSON.framework",
			);
			name = "[CP] Embed Pods Frameworks";
			outputPaths = (
				"${TARGET_BUILD_DIR}/${FRAMEWORKS_FOLDER_PATH}/Alamofire.framework",
				"${TARGET_BUILD_DIR}/${FRAMEWORKS_FOLDER_PATH}/SwiftyJSON.framework",
			);
			runOnlyForDeploymentPostprocessing = 0;
			shellPath = /bin/sh;
			shellScript = "\"${SRCROOT}/Pods/Target Support Files/Pods-Golf/Pods-Golf-frameworks.sh\"\n";
			showEnvVarsInLog = 0;
		};
/* End PBXShellScriptBuildPhase section */

/* Begin PBXSourcesBuildPhase section */
		9DF44A6D1FC2B43F0063D804 /* Sources */ = {
			isa = PBXSourcesBuildPhase;
			buildActionMask = 2147483647;
			files = (
				9DF44A771FC2B4400063D804 /* ViewController.swift in Sources */,
				9DF44A751FC2B4400063D804 /* AppDelegate.swift in Sources */,
			);
			runOnlyForDeploymentPostprocessing = 0;
		};
/* End PBXSourcesBuildPhase section */

/* Begin PBXVariantGroup section */
		9DF44A781FC2B4400063D804 /* Main.storyboard */ = {
			isa = PBXVariantGroup;
			children = (
				9DF44A791FC2B4400063D804 /* Base */,
			);
			name = Main.storyboard;
			sourceTree = "<group>";
		};
		9DF44A7D1FC2B4400063D804 /* LaunchScreen.storyboard */ = {
			isa = PBXVariantGroup;
			children = (
				9DF44A7E1FC2B4400063D804 /* Base */,
			);
			name = LaunchScreen.storyboard;
			sourceTree = "<group>";
		};
/* End PBXVariantGroup section */

/* Begin XCBuildConfiguration section */
		9DF44A811FC2B4400063D804 /* Debug */ = {
			isa = XCBuildConfiguration;
			buildSettings = {
				ALWAYS_SEARCH_USER_PATHS = NO;
				CLANG_ANALYZER_NONNULL = YES;
				CLANG_ANALYZER_NUMBER_OBJECT_CONVERSION = YES_AGGRESSIVE;
				CLANG_CXX_LANGUAGE_STANDARD = "gnu++14";
				CLANG_CXX_LIBRARY = "libc++";
				CLANG_ENABLE_MODULES = YES;
				CLANG_ENABLE_OBJC_ARC = YES;
				CLANG_WARN_BLOCK_CAPTURE_AUTORELEASING = YES;
				CLANG_WARN_BOOL_CONVERSION = YES;
				CLANG_WARN_COMMA = YES;
				CLANG_WARN_CONSTANT_CONVERSION = YES;
				CLANG_WARN_DIRECT_OBJC_ISA_USAGE = YES_ERROR;
				CLANG_WARN_DOCUMENTATION_COMMENTS = YES;
				CLANG_WARN_EMPTY_BODY = YES;
				CLANG_WARN_ENUM_CONVERSION = YES;
				CLANG_WARN_INFINITE_RECURSION = YES;
				CLANG_WARN_INT_CONVERSION = YES;
				CLANG_WARN_NON_LITERAL_NULL_CONVERSION = YES;
				CLANG_WARN_OBJC_LITERAL_CONVERSION = YES;
				CLANG_WARN_OBJC_ROOT_CLASS = YES_ERROR;
				CLANG_WARN_RANGE_LOOP_ANALYSIS = YES;
				CLANG_WARN_STRICT_PROTOTYPES = YES;
				CLANG_WARN_SUSPICIOUS_MOVE = YES;
				CLANG_WARN_UNGUARDED_AVAILABILITY = YES_AGGRESSIVE;
				CLANG_WARN_UNREACHABLE_CODE = YES;
				CLANG_WARN__DUPLICATE_METHOD_MATCH = YES;
				CODE_SIGN_IDENTITY = "iPhone Developer";
				COPY_PHASE_STRIP = NO;
				DEBUG_INFORMATION_FORMAT = dwarf;
				ENABLE_STRICT_OBJC_MSGSEND = YES;
				ENABLE_TESTABILITY = YES;
				GCC_C_LANGUAGE_STANDARD = gnu11;
				GCC_DYNAMIC_NO_PIC = NO;
				GCC_NO_COMMON_BLOCKS = YES;
				GCC_OPTIMIZATION_LEVEL = 0;
				GCC_PREPROCESSOR_DEFINITIONS = (
					"DEBUG=1",
					"$(inherited)",
				);
				GCC_WARN_64_TO_32_BIT_CONVERSION = YES;
				GCC_WARN_ABOUT_RETURN_TYPE = YES_ERROR;
				GCC_WARN_UNDECLARED_SELECTOR = YES;
				GCC_WARN_UNINITIALIZED_AUTOS = YES_AGGRESSIVE;
				GCC_WARN_UNUSED_FUNCTION = YES;
				GCC_WARN_UNUSED_VARIABLE = YES;
				IPHONEOS_DEPLOYMENT_TARGET = 11.1;
				MTL_ENABLE_DEBUG_INFO = YES;
				ONLY_ACTIVE_ARCH = YES;
				SDKROOT = iphoneos;
				SWIFT_ACTIVE_COMPILATION_CONDITIONS = DEBUG;
				SWIFT_OPTIMIZATION_LEVEL = "-Onone";
			};
			name = Debug;
		};
		9DF44A821FC2B4400063D804 /* Release */ = {
			isa = XCBuildConfiguration;
			buildSettings = {
				ALWAYS_SEARCH_USER_PATHS = NO;
				CLANG_ANALYZER_NONNULL = YES;
				CLANG_ANALYZER_NUMBER_OBJECT_CONVERSION = YES_AGGRESSIVE;
				CLANG_CXX_LANGUAGE_STANDARD = "gnu++14";
				CLANG_CXX_LIBRARY = "libc++";
				CLANG_ENABLE_MODULES = YES;
				CLANG_ENABLE_OBJC_ARC = YES;
				CLANG_WARN_BLOCK_CAPTURE_AUTORELEASING = YES;
				CLANG_WARN_BOOL_CONVERSION = YES;
				CLANG_WARN_COMMA = YES;
				CLANG_WARN_CONSTANT_CONVERSION = YES;
				CLANG_WARN_DIRECT_OBJC_ISA_USAGE = YES_ERROR;
				CLANG_WARN_DOCUMENTATION_COMMENTS = YES;
				CLANG_WARN_EMPTY_BODY = YES;
				CLANG_WARN_ENUM_CONVERSION = YES;
				CLANG_WARN_INFINITE_RECURSION = YES;
				CLANG_WARN_INT_CONVERSION = YES;
				CLANG_WARN_NON_LITERAL_NULL_CONVERSION = YES;
				CLANG_WARN_OBJC_LITERAL_CONVERSION = YES;
				CLANG_WARN_OBJC_ROOT_CLASS = YES_ERROR;
				CLANG_WARN_RANGE_LOOP_ANALYSIS = YES;
				CLANG_WARN_STRICT_PROTOTYPES = YES;
				CLANG_WARN_SUSPICIOUS_MOVE = YES;
				CLANG_WARN_UNGUARDED_AVAILABILITY = YES_AGGRESSIVE;
				CLANG_WARN_UNREACHABLE_CODE = YES;
				CLANG_WARN__DUPLICATE_METHOD_MATCH = YES;
				CODE_SIGN_IDENTITY = "iPhone Developer";
				COPY_PHASE_STRIP = NO;
				DEBUG_INFORMATION_FORMAT = "dwarf-with-dsym";
				ENABLE_NS_ASSERTIONS = NO;
				ENABLE_STRICT_OBJC_MSGSEND = YES;
				GCC_C_LANGUAGE_STANDARD = gnu11;
				GCC_NO_COMMON_BLOCKS = YES;
				GCC_WARN_64_TO_32_BIT_CONVERSION = YES;
				GCC_WARN_ABOUT_RETURN_TYPE = YES_ERROR;
				GCC_WARN_UNDECLARED_SELECTOR = YES;
				GCC_WARN_UNINITIALIZED_AUTOS = YES_AGGRESSIVE;
				GCC_WARN_UNUSED_FUNCTION = YES;
				GCC_WARN_UNUSED_VARIABLE = YES;
				IPHONEOS_DEPLOYMENT_TARGET = 11.1;
				MTL_ENABLE_DEBUG_INFO = NO;
				SDKROOT = iphoneos;
				SWIFT_OPTIMIZATION_LEVEL = "-Owholemodule";
				VALIDATE_PRODUCT = YES;
			};
			name = Release;
		};
		9DF44A841FC2B4400063D804 /* Debug */ = {
			isa = XCBuildConfiguration;
			baseConfigurationReference = E4FA910DD8DD93D47F17CE51 /* Pods-Golf.debug.xcconfig */;
			buildSettings = {
				ASSETCATALOG_COMPILER_APPICON_NAME = AppIcon;
				CODE_SIGN_STYLE = Automatic;
				DEVELOPMENT_TEAM = HDNMHL7M4Y;
				INFOPLIST_FILE = Golf/Info.plist;
				LD_RUNPATH_SEARCH_PATHS = "$(inherited) @executable_path/Frameworks";
				PRODUCT_BUNDLE_IDENTIFIER = ctvtrans.kien.Golf;
				PRODUCT_NAME = "$(TARGET_NAME)";
				SWIFT_VERSION = 4.0;
				TARGETED_DEVICE_FAMILY = "1,2";
			};
			name = Debug;
		};
		9DF44A851FC2B4400063D804 /* Release */ = {
			isa = XCBuildConfiguration;
			baseConfigurationReference = 464E30B328C8B59C9C3E97DA /* Pods-Golf.release.xcconfig */;
			buildSettings = {
				ASSETCATALOG_COMPILER_APPICON_NAME = AppIcon;
				CODE_SIGN_STYLE = Automatic;
				DEVELOPMENT_TEAM = HDNMHL7M4Y;
				INFOPLIST_FILE = Golf/Info.plist;
				LD_RUNPATH_SEARCH_PATHS = "$(inherited) @executable_path/Frameworks";
				PRODUCT_BUNDLE_IDENTIFIER = ctvtrans.kien.Golf;
				PRODUCT_NAME = "$(TARGET_NAME)";
				SWIFT_VERSION = 4.0;
				TARGETED_DEVICE_FAMILY = "1,2";
			};
			name = Release;
		};
/* End XCBuildConfiguration section */

/* Begin XCConfigurationList section */
		9DF44A6C1FC2B43F0063D804 /* Build configuration list for PBXProject "Golf" */ = {
			isa = XCConfigurationList;
			buildConfigurations = (
				9DF44A811FC2B4400063D804 /* Debug */,
				9DF44A821FC2B4400063D804 /* Release */,
			);
			defaultConfigurationIsVisible = 0;
			defaultConfigurationName = Release;
		};
		9DF44A831FC2B4400063D804 /* Build configuration list for PBXNativeTarget "Golf" */ = {
			isa = XCConfigurationList;
			buildConfigurations = (
				9DF44A841FC2B4400063D804 /* Debug */,
				9DF44A851FC2B4400063D804 /* Release */,
			);
			defaultConfigurationIsVisible = 0;
			defaultConfigurationName = Release;
		};
/* End XCConfigurationList section */
	};
	rootObject = 9DF44A691FC2B43F0063D804 /* Project object */;
}
